
Microsoft Visual Studio Solution File, Format Version 12.00
# Visual Studio Version 17
VisualStudioVersion = 17.3.32819.101
MinimumVisualStudioVersion = 10.0.40219.1
Project("{FAE04EC0-301F-11D3-BF4B-00C04F79EFBC}") = "GlobalOPT", "GlobalOPT.csproj", "{FB5C201A-69A6-4FD7-B873-823E5F0F7D29}"
EndProject
Global
	GlobalSection(SolutionConfigurationPlatforms) = preSolution
		Debug|Any CPU = Debug|Any CPU
		Release|Any CPU = Release|Any CPU
	EndGlobalSection
	GlobalSection(ProjectConfigurationPlatforms) = postSolution
		{FB5C201A-69A6-4FD7-B873-823E5F0F7D29}.Debug|Any CPU.ActiveCfg = Debug|Any CPU
		{FB5C201A-69A6-4FD7-B873-823E5F0F7D29}.Debug|Any CPU.Build.0 = Debug|Any CPU
		{FB5C201A-69A6-4FD7-B873-823E5F0F7D29}.Release|Any CPU.ActiveCfg = Release|Any CPU
		{FB5C201A-69A6-4FD7-B873-823E5F0F7D29}.Release|Any CPU.Build.0 = Release|Any CPU
	EndGlobalSection
	GlobalSection(SolutionProperties) = preSolution
		HideSolutionNode = FALSE
	EndGlobalSection
	GlobalSection(ExtensibilityGlobals) = postSolution
		SolutionGuid = {9F2474B5-D695-4BF9-B355-DB47CEDE58A3}
	EndGlobalSection
EndGlobal
